dependencies:
- name: postgresql
  repository: https://charts.bitnami.com/bitnami
  version: 12.12.10
- name: netcore-service
  repository: oci://registry.deviot.cloud/helm-charts
  version: 0.20.0
digest: sha256:a193dd64b2e48d44d4bbb33605110576c8a6dab4d47434173d04095e897d6134
generated: "2024-12-08T10:29:09.1201755+02:00"
