dependencies:
- name: postgresql
  repository: https://charts.bitnami.com/bitnami
  version: 12.12.10
- name: netcore-service
  repository: oci://registry.deviot.cloud/helm-charts
  version: 0.18.0
digest: sha256:dd483a8619afe95b9ed0871a8e9ac32025dd95cec07676918d658cc382cd7ee1
generated: "2024-04-29T16:36:27.9006363+03:00"
