dependencies:
- name: postgresql
  repository: https://charts.bitnami.com/bitnami
  version: 12.12.10
- name: netcore-service
  repository: oci://registry.digitalocean.com/deviot/helm-charts
  version: 0.22.0
digest: sha256:b6c33eb6d5676b0196894ca9782299e50f92c6241e87fe9a5f9ce96117b12d1b
generated: "2026-02-16T21:43:31.0103582+02:00"
